
Microsoft Visual Studio Solution File, Format Version 12.00
# Visual Studio Version 16
VisualStudioVersion = 16.0.30717.126
MinimumVisualStudioVersion = 10.0.40219.1
Project("{FAE04EC0-301F-11D3-BF4B-00C04F79EFBC}") = "ObjectivesAP", "ObjectivesAP.csproj", "{1C035E68-55E8-4945-9673-37EF65233B3C}"
EndProject
Global
	GlobalSection(SolutionConfigurationPlatforms) = preSolution
		Debug|x64 = Debug|x64
		Release|x64 = Release|x64
	EndGlobalSection
	GlobalSection(ProjectConfigurationPlatforms) = postSolution
		{1C035E68-55E8-4945-9673-37EF65233B3C}.Debug|x64.ActiveCfg = Debug|x64
		{1C035E68-55E8-4945-9673-37EF65233B3C}.Debug|x64.Build.0 = Debug|x64
		{1C035E68-55E8-4945-9673-37EF65233B3C}.Release|x64.ActiveCfg = Release|x64
		{1C035E68-55E8-4945-9673-37EF65233B3C}.Release|x64.Build.0 = Release|x64
	EndGlobalSection
	GlobalSection(SolutionProperties) = preSolution
		HideSolutionNode = FALSE
	EndGlobalSection
	GlobalSection(ExtensibilityGlobals) = postSolution
		SolutionGuid = {87CEC9C2-7455-4CEE-A508-B47FBAAD5EF8}
	EndGlobalSection
EndGlobal
